
Microsoft Visual Studio Solution File, Format Version 12.00
# Visual Studio 14
VisualStudioVersion = 14.0.23107.0
MinimumVisualStudioVersion = 10.0.40219.1
Project("{FAE04EC0-301F-11D3-BF4B-00C04F79EFBC}") = "FirstTask", "FirstTestTask\FirstTask.csproj", "{E805740A-E8DB-4056-A37C-A1E963C52F0C}"
EndProject
Project("{FAE04EC0-301F-11D3-BF4B-00C04F79EFBC}") = "ThirdTask", "BinaryTree\ThirdTask.csproj", "{6B0A45D4-6628-4E06-86B0-374F4E730C47}"
EndProject
Global
	GlobalSection(SolutionConfigurationPlatforms) = preSolution
		Debug|Any CPU = Debug|Any CPU
		Release|Any CPU = Release|Any CPU
	EndGlobalSection
	GlobalSection(ProjectConfigurationPlatforms) = postSolution
		{E805740A-E8DB-4056-A37C-A1E963C52F0C}.Debug|Any CPU.ActiveCfg = Debug|Any CPU
		{E805740A-E8DB-4056-A37C-A1E963C52F0C}.Debug|Any CPU.Build.0 = Debug|Any CPU
		{E805740A-E8DB-4056-A37C-A1E963C52F0C}.Release|Any CPU.ActiveCfg = Release|Any CPU
		{E805740A-E8DB-4056-A37C-A1E963C52F0C}.Release|Any CPU.Build.0 = Release|Any CPU
		{6B0A45D4-6628-4E06-86B0-374F4E730C47}.Debug|Any CPU.ActiveCfg = Debug|Any CPU
		{6B0A45D4-6628-4E06-86B0-374F4E730C47}.Debug|Any CPU.Build.0 = Debug|Any CPU
		{6B0A45D4-6628-4E06-86B0-374F4E730C47}.Release|Any CPU.ActiveCfg = Release|Any CPU
		{6B0A45D4-6628-4E06-86B0-374F4E730C47}.Release|Any CPU.Build.0 = Release|Any CPU
	EndGlobalSection
	GlobalSection(SolutionProperties) = preSolution
		HideSolutionNode = FALSE
	EndGlobalSection
EndGlobal
